
Microsoft Visual Studio Solution File, Format Version 12.00
# Visual Studio 14
VisualStudioVersion = 14.0.25123.0
MinimumVisualStudioVersion = 10.0.40219.1
Project("{2150E333-8FDC-42A3-9474-1A3956D46DE8}") = "src", "src", "{280F4237-49CC-46E7-A3F2-6B23E5B2F484}"
EndProject
Project("{2150E333-8FDC-42A3-9474-1A3956D46DE8}") = "Tests", "Tests", "{332EF9A6-F35B-452C-9E02-55475504639B}"
EndProject
Project("{2150E333-8FDC-42A3-9474-1A3956D46DE8}") = "Libraries", "Libraries", "{94166A8E-13D4-4C49-8334-D9C65F12488E}"
EndProject
Project("{2150E333-8FDC-42A3-9474-1A3956D46DE8}") = "Common", "Common", "{E7AB6A87-6958-4131-9D8D-78B404D7ACFA}"
	ProjectSection(SolutionItems) = preProject
		src\Common\CommonAssembly.cs = src\Common\CommonAssembly.cs
	EndProjectSection
EndProject
Project("{FAE04EC0-301F-11D3-BF4B-00C04F79EFBC}") = "Gauge.NCrunch.Runner.Tests", "src\Tests\Gauge.NCrunch.Runner.Tests\Gauge.NCrunch.Runner.Tests.csproj", "{D8A9A94F-42CA-485F-ACF2-B5564BC953A9}"
EndProject
Project("{FAE04EC0-301F-11D3-BF4B-00C04F79EFBC}") = "Gauge.NCrunch.Runner", "src\Libraries\Gauge.NCrunch.Runner\Gauge.NCrunch.Runner.csproj", "{48A3FF36-660A-4BA9-9786-04CC3BAC3533}"
EndProject
Project("{FAE04EC0-301F-11D3-BF4B-00C04F79EFBC}") = "Gauge.NCrunch.Specs", "src\Libraries\Gauge.NCrunch.Specs\Gauge.NCrunch.Specs.csproj", "{A8A83209-DE6F-4CA1-87A3-9B8DA11305AB}"
EndProject
Project("{FAE04EC0-301F-11D3-BF4B-00C04F79EFBC}") = "Gauge.NCrunch.Specs.Reader", "src\Libraries\Gauge.NCrunch.Specs.Reader\Gauge.NCrunch.Specs.Reader.csproj", "{AD701195-32D4-4BE4-B2F5-4830ECCDAA7A}"
EndProject
Project("{FAE04EC0-301F-11D3-BF4B-00C04F79EFBC}") = "Gauge.NCrunch.Specs.Reader.Tests", "src\Tests\Gauge.NCrunch.Specs.Reader.Tests\Gauge.NCrunch.Specs.Reader.Tests.csproj", "{DB43F5D1-A223-4029-ACF2-FC324222DB25}"
EndProject
Project("{FAE04EC0-301F-11D3-BF4B-00C04F79EFBC}") = "Gauge.NCrunch.CodeContracts.Tests", "src\Tests\Gauge.NCrunch.CodeContracts.Tests\Gauge.NCrunch.CodeContracts.Tests.csproj", "{1279C59F-B54E-46CA-B41C-4595A4AACF7E}"
EndProject
Project("{FAE04EC0-301F-11D3-BF4B-00C04F79EFBC}") = "Gauge.NCrunch.CodeContracts", "src\Libraries\Gauge.NCrunch.CodeContracts\Gauge.NCrunch.CodeContracts.csproj", "{62A19060-3C3D-498A-8566-2D1047D33601}"
EndProject
Project("{FAE04EC0-301F-11D3-BF4B-00C04F79EFBC}") = "Gauge.NCrunch.Core", "src\Libraries\Gauge.NCrunch.Core\Gauge.NCrunch.Core.csproj", "{D5E5B372-0010-47AF-8BC1-58916F836EFE}"
EndProject
Project("{FAE04EC0-301F-11D3-BF4B-00C04F79EFBC}") = "Gauge.NCrunch.Core.Tests", "src\Tests\Gauge.NCrunch.Core.Tests\Gauge.NCrunch.Core.Tests.csproj", "{8B582CF3-62C1-423A-A302-D9EDB105B762}"
EndProject
Global
	GlobalSection(SolutionConfigurationPlatforms) = preSolution
		Debug|Any CPU = Debug|Any CPU
		Release|Any CPU = Release|Any CPU
	EndGlobalSection
	GlobalSection(ProjectConfigurationPlatforms) = postSolution
		{D8A9A94F-42CA-485F-ACF2-B5564BC953A9}.Debug|Any CPU.ActiveCfg = Debug|Any CPU
		{D8A9A94F-42CA-485F-ACF2-B5564BC953A9}.Debug|Any CPU.Build.0 = Debug|Any CPU
		{D8A9A94F-42CA-485F-ACF2-B5564BC953A9}.Release|Any CPU.ActiveCfg = Release|Any CPU
		{D8A9A94F-42CA-485F-ACF2-B5564BC953A9}.Release|Any CPU.Build.0 = Release|Any CPU
		{48A3FF36-660A-4BA9-9786-04CC3BAC3533}.Debug|Any CPU.ActiveCfg = Debug|Any CPU
		{48A3FF36-660A-4BA9-9786-04CC3BAC3533}.Debug|Any CPU.Build.0 = Debug|Any CPU
		{48A3FF36-660A-4BA9-9786-04CC3BAC3533}.Release|Any CPU.ActiveCfg = Release|Any CPU
		{48A3FF36-660A-4BA9-9786-04CC3BAC3533}.Release|Any CPU.Build.0 = Release|Any CPU
		{A8A83209-DE6F-4CA1-87A3-9B8DA11305AB}.Debug|Any CPU.ActiveCfg = Debug|Any CPU
		{A8A83209-DE6F-4CA1-87A3-9B8DA11305AB}.Debug|Any CPU.Build.0 = Debug|Any CPU
		{A8A83209-DE6F-4CA1-87A3-9B8DA11305AB}.Release|Any CPU.ActiveCfg = Release|Any CPU
		{A8A83209-DE6F-4CA1-87A3-9B8DA11305AB}.Release|Any CPU.Build.0 = Release|Any CPU
		{AD701195-32D4-4BE4-B2F5-4830ECCDAA7A}.Debug|Any CPU.ActiveCfg = Debug|Any CPU
		{AD701195-32D4-4BE4-B2F5-4830ECCDAA7A}.Debug|Any CPU.Build.0 = Debug|Any CPU
		{AD701195-32D4-4BE4-B2F5-4830ECCDAA7A}.Release|Any CPU.ActiveCfg = Release|Any CPU
		{AD701195-32D4-4BE4-B2F5-4830ECCDAA7A}.Release|Any CPU.Build.0 = Release|Any CPU
		{DB43F5D1-A223-4029-ACF2-FC324222DB25}.Debug|Any CPU.ActiveCfg = Debug|Any CPU
		{DB43F5D1-A223-4029-ACF2-FC324222DB25}.Debug|Any CPU.Build.0 = Debug|Any CPU
		{DB43F5D1-A223-4029-ACF2-FC324222DB25}.Release|Any CPU.ActiveCfg = Release|Any CPU
		{DB43F5D1-A223-4029-ACF2-FC324222DB25}.Release|Any CPU.Build.0 = Release|Any CPU
		{1279C59F-B54E-46CA-B41C-4595A4AACF7E}.Debug|Any CPU.ActiveCfg = Debug|Any CPU
		{1279C59F-B54E-46CA-B41C-4595A4AACF7E}.Debug|Any CPU.Build.0 = Debug|Any CPU
		{1279C59F-B54E-46CA-B41C-4595A4AACF7E}.Release|Any CPU.ActiveCfg = Release|Any CPU
		{1279C59F-B54E-46CA-B41C-4595A4AACF7E}.Release|Any CPU.Build.0 = Release|Any CPU
		{62A19060-3C3D-498A-8566-2D1047D33601}.Debug|Any CPU.ActiveCfg = Debug|Any CPU
		{62A19060-3C3D-498A-8566-2D1047D33601}.Debug|Any CPU.Build.0 = Debug|Any CPU
		{62A19060-3C3D-498A-8566-2D1047D33601}.Release|Any CPU.ActiveCfg = Release|Any CPU
		{62A19060-3C3D-498A-8566-2D1047D33601}.Release|Any CPU.Build.0 = Release|Any CPU
		{D5E5B372-0010-47AF-8BC1-58916F836EFE}.Debug|Any CPU.ActiveCfg = Debug|Any CPU
		{D5E5B372-0010-47AF-8BC1-58916F836EFE}.Debug|Any CPU.Build.0 = Debug|Any CPU
		{D5E5B372-0010-47AF-8BC1-58916F836EFE}.Release|Any CPU.ActiveCfg = Release|Any CPU
		{D5E5B372-0010-47AF-8BC1-58916F836EFE}.Release|Any CPU.Build.0 = Release|Any CPU
		{8B582CF3-62C1-423A-A302-D9EDB105B762}.Debug|Any CPU.ActiveCfg = Debug|Any CPU
		{8B582CF3-62C1-423A-A302-D9EDB105B762}.Debug|Any CPU.Build.0 = Debug|Any CPU
		{8B582CF3-62C1-423A-A302-D9EDB105B762}.Release|Any CPU.ActiveCfg = Release|Any CPU
		{8B582CF3-62C1-423A-A302-D9EDB105B762}.Release|Any CPU.Build.0 = Release|Any CPU
	EndGlobalSection
	GlobalSection(SolutionProperties) = preSolution
		HideSolutionNode = FALSE
	EndGlobalSection
	GlobalSection(NestedProjects) = preSolution
		{332EF9A6-F35B-452C-9E02-55475504639B} = {280F4237-49CC-46E7-A3F2-6B23E5B2F484}
		{94166A8E-13D4-4C49-8334-D9C65F12488E} = {280F4237-49CC-46E7-A3F2-6B23E5B2F484}
		{E7AB6A87-6958-4131-9D8D-78B404D7ACFA} = {280F4237-49CC-46E7-A3F2-6B23E5B2F484}
		{D8A9A94F-42CA-485F-ACF2-B5564BC953A9} = {332EF9A6-F35B-452C-9E02-55475504639B}
		{48A3FF36-660A-4BA9-9786-04CC3BAC3533} = {94166A8E-13D4-4C49-8334-D9C65F12488E}
		{A8A83209-DE6F-4CA1-87A3-9B8DA11305AB} = {94166A8E-13D4-4C49-8334-D9C65F12488E}
		{AD701195-32D4-4BE4-B2F5-4830ECCDAA7A} = {94166A8E-13D4-4C49-8334-D9C65F12488E}
		{DB43F5D1-A223-4029-ACF2-FC324222DB25} = {332EF9A6-F35B-452C-9E02-55475504639B}
		{1279C59F-B54E-46CA-B41C-4595A4AACF7E} = {332EF9A6-F35B-452C-9E02-55475504639B}
		{62A19060-3C3D-498A-8566-2D1047D33601} = {94166A8E-13D4-4C49-8334-D9C65F12488E}
		{D5E5B372-0010-47AF-8BC1-58916F836EFE} = {94166A8E-13D4-4C49-8334-D9C65F12488E}
		{8B582CF3-62C1-423A-A302-D9EDB105B762} = {332EF9A6-F35B-452C-9E02-55475504639B}
	EndGlobalSection
EndGlobal
