
Microsoft Visual Studio Solution File, Format Version 12.00
# Visual Studio 14
VisualStudioVersion = 14.0.25123.0
MinimumVisualStudioVersion = 10.0.40219.1
Project("{2150E333-8FDC-42A3-9474-1A3956D46DE8}") = "src", "src", "{280F4237-49CC-46E7-A3F2-6B23E5B2F484}"
EndProject
Project("{2150E333-8FDC-42A3-9474-1A3956D46DE8}") = "Tests", "Tests", "{332EF9A6-F35B-452C-9E02-55475504639B}"
EndProject
Project("{2150E333-8FDC-42A3-9474-1A3956D46DE8}") = "Libraries", "Libraries", "{94166A8E-13D4-4C49-8334-D9C65F12488E}"
EndProject
Project("{2150E333-8FDC-42A3-9474-1A3956D46DE8}") = "Common", "Common", "{E7AB6A87-6958-4131-9D8D-78B404D7ACFA}"
	ProjectSection(SolutionItems) = preProject
		src\Common\CommonAssembly.cs = src\Common\CommonAssembly.cs
	EndProjectSection
EndProject
Project("{FAE04EC0-301F-11D3-BF4B-00C04F79EFBC}") = "NGauge.Runner.Tests", "src\Tests\NGauge.Runner.Tests\NGauge.Runner.Tests.csproj", "{D8A9A94F-42CA-485F-ACF2-B5564BC953A9}"
EndProject
Project("{FAE04EC0-301F-11D3-BF4B-00C04F79EFBC}") = "NGauge.Runner", "src\Libraries\NGauge.Runner\NGauge.Runner.csproj", "{48A3FF36-660A-4BA9-9786-04CC3BAC3533}"
EndProject
Project("{FAE04EC0-301F-11D3-BF4B-00C04F79EFBC}") = "NGauge.Specs", "src\Libraries\NGauge.Specs\NGauge.Specs.csproj", "{A8A83209-DE6F-4CA1-87A3-9B8DA11305AB}"
EndProject
Project("{FAE04EC0-301F-11D3-BF4B-00C04F79EFBC}") = "NGauge.Specs.Reader", "src\Libraries\NGauge.Specs.Reader\NGauge.Specs.Reader.csproj", "{AD701195-32D4-4BE4-B2F5-4830ECCDAA7A}"
EndProject
Project("{FAE04EC0-301F-11D3-BF4B-00C04F79EFBC}") = "NGauge.Specs.Reader.Tests", "src\Tests\NGauge.Specs.Reader.Tests\NGauge.Specs.Reader.Tests.csproj", "{DB43F5D1-A223-4029-ACF2-FC324222DB25}"
EndProject
Project("{FAE04EC0-301F-11D3-BF4B-00C04F79EFBC}") = "NGauge.CodeContracts.Tests", "src\Tests\NGauge.CodeContracts.Tests\NGauge.CodeContracts.Tests.csproj", "{1279C59F-B54E-46CA-B41C-4595A4AACF7E}"
EndProject
Project("{FAE04EC0-301F-11D3-BF4B-00C04F79EFBC}") = "NGauge.CodeContracts", "src\Libraries\NGauge.CodeContracts\NGauge.CodeContracts.csproj", "{62A19060-3C3D-498A-8566-2D1047D33601}"
EndProject
Project("{FAE04EC0-301F-11D3-BF4B-00C04F79EFBC}") = "NGauge.Core", "src\Libraries\NGauge.Core\NGauge.Core.csproj", "{D5E5B372-0010-47AF-8BC1-58916F836EFE}"
EndProject
Project("{FAE04EC0-301F-11D3-BF4B-00C04F79EFBC}") = "NGauge.Core.Tests", "src\Tests\NGauge.Core.Tests\NGauge.Core.Tests.csproj", "{8B582CF3-62C1-423A-A302-D9EDB105B762}"
EndProject
Project("{FAE04EC0-301F-11D3-BF4B-00C04F79EFBC}") = "NGauge.Specs.Writer", "src\Libraries\NGauge.Specs.Writer\NGauge.Specs.Writer.csproj", "{99DEACFE-286C-4482-97F4-4B64518E4562}"
EndProject
Project("{FAE04EC0-301F-11D3-BF4B-00C04F79EFBC}") = "NGauge.Specs.Writer.xUnit", "src\Libraries\NGauge.Specs.Writer.xUnit\NGauge.Specs.Writer.xUnit.csproj", "{0E9E0A0E-45B2-4BE2-95B3-B83EE1BF9472}"
EndProject
Project("{FAE04EC0-301F-11D3-BF4B-00C04F79EFBC}") = "NGauge.Specs.Writer.xUnit.Tests", "src\Tests\NGauge.Specs.Writer.xUnit.Tests\NGauge.Specs.Writer.xUnit.Tests.csproj", "{5409632C-1B61-4408-9DA7-6768CD86FEDD}"
EndProject
Project("{2150E333-8FDC-42A3-9474-1A3956D46DE8}") = "Vsix", "Vsix", "{A140BCE9-E0A5-4D9D-B20E-B8409E24D226}"
EndProject
Project("{FAE04EC0-301F-11D3-BF4B-00C04F79EFBC}") = "NGauge", "src\Vsix\NGauge\NGauge.csproj", "{2BBCD333-CF78-488B-80F0-816038CF952D}"
EndProject
Project("{FAE04EC0-301F-11D3-BF4B-00C04F79EFBC}") = "NGauge.Bridge", "src\Libraries\NGauge.Bridge\NGauge.Bridge.csproj", "{09BED616-9729-4E84-BCEB-3979D89A3BD5}"
EndProject
Project("{FAE04EC0-301F-11D3-BF4B-00C04F79EFBC}") = "NGauge.Bridge.Tests", "src\Tests\NGauge.Bridge.Tests\NGauge.Bridge.Tests.csproj", "{67B24704-530A-4B23-819D-3BEF3C64CC65}"
EndProject
Global
	GlobalSection(SolutionConfigurationPlatforms) = preSolution
		Debug|Any CPU = Debug|Any CPU
		Release|Any CPU = Release|Any CPU
	EndGlobalSection
	GlobalSection(ProjectConfigurationPlatforms) = postSolution
		{D8A9A94F-42CA-485F-ACF2-B5564BC953A9}.Debug|Any CPU.ActiveCfg = Debug|Any CPU
		{D8A9A94F-42CA-485F-ACF2-B5564BC953A9}.Debug|Any CPU.Build.0 = Debug|Any CPU
		{D8A9A94F-42CA-485F-ACF2-B5564BC953A9}.Release|Any CPU.ActiveCfg = Release|Any CPU
		{D8A9A94F-42CA-485F-ACF2-B5564BC953A9}.Release|Any CPU.Build.0 = Release|Any CPU
		{48A3FF36-660A-4BA9-9786-04CC3BAC3533}.Debug|Any CPU.ActiveCfg = Debug|Any CPU
		{48A3FF36-660A-4BA9-9786-04CC3BAC3533}.Debug|Any CPU.Build.0 = Debug|Any CPU
		{48A3FF36-660A-4BA9-9786-04CC3BAC3533}.Release|Any CPU.ActiveCfg = Release|Any CPU
		{48A3FF36-660A-4BA9-9786-04CC3BAC3533}.Release|Any CPU.Build.0 = Release|Any CPU
		{A8A83209-DE6F-4CA1-87A3-9B8DA11305AB}.Debug|Any CPU.ActiveCfg = Debug|Any CPU
		{A8A83209-DE6F-4CA1-87A3-9B8DA11305AB}.Debug|Any CPU.Build.0 = Debug|Any CPU
		{A8A83209-DE6F-4CA1-87A3-9B8DA11305AB}.Release|Any CPU.ActiveCfg = Release|Any CPU
		{A8A83209-DE6F-4CA1-87A3-9B8DA11305AB}.Release|Any CPU.Build.0 = Release|Any CPU
		{AD701195-32D4-4BE4-B2F5-4830ECCDAA7A}.Debug|Any CPU.ActiveCfg = Debug|Any CPU
		{AD701195-32D4-4BE4-B2F5-4830ECCDAA7A}.Debug|Any CPU.Build.0 = Debug|Any CPU
		{AD701195-32D4-4BE4-B2F5-4830ECCDAA7A}.Release|Any CPU.ActiveCfg = Release|Any CPU
		{AD701195-32D4-4BE4-B2F5-4830ECCDAA7A}.Release|Any CPU.Build.0 = Release|Any CPU
		{DB43F5D1-A223-4029-ACF2-FC324222DB25}.Debug|Any CPU.ActiveCfg = Debug|Any CPU
		{DB43F5D1-A223-4029-ACF2-FC324222DB25}.Debug|Any CPU.Build.0 = Debug|Any CPU
		{DB43F5D1-A223-4029-ACF2-FC324222DB25}.Release|Any CPU.ActiveCfg = Release|Any CPU
		{DB43F5D1-A223-4029-ACF2-FC324222DB25}.Release|Any CPU.Build.0 = Release|Any CPU
		{1279C59F-B54E-46CA-B41C-4595A4AACF7E}.Debug|Any CPU.ActiveCfg = Debug|Any CPU
		{1279C59F-B54E-46CA-B41C-4595A4AACF7E}.Debug|Any CPU.Build.0 = Debug|Any CPU
		{1279C59F-B54E-46CA-B41C-4595A4AACF7E}.Release|Any CPU.ActiveCfg = Release|Any CPU
		{1279C59F-B54E-46CA-B41C-4595A4AACF7E}.Release|Any CPU.Build.0 = Release|Any CPU
		{62A19060-3C3D-498A-8566-2D1047D33601}.Debug|Any CPU.ActiveCfg = Debug|Any CPU
		{62A19060-3C3D-498A-8566-2D1047D33601}.Debug|Any CPU.Build.0 = Debug|Any CPU
		{62A19060-3C3D-498A-8566-2D1047D33601}.Release|Any CPU.ActiveCfg = Release|Any CPU
		{62A19060-3C3D-498A-8566-2D1047D33601}.Release|Any CPU.Build.0 = Release|Any CPU
		{D5E5B372-0010-47AF-8BC1-58916F836EFE}.Debug|Any CPU.ActiveCfg = Debug|Any CPU
		{D5E5B372-0010-47AF-8BC1-58916F836EFE}.Debug|Any CPU.Build.0 = Debug|Any CPU
		{D5E5B372-0010-47AF-8BC1-58916F836EFE}.Release|Any CPU.ActiveCfg = Release|Any CPU
		{D5E5B372-0010-47AF-8BC1-58916F836EFE}.Release|Any CPU.Build.0 = Release|Any CPU
		{8B582CF3-62C1-423A-A302-D9EDB105B762}.Debug|Any CPU.ActiveCfg = Debug|Any CPU
		{8B582CF3-62C1-423A-A302-D9EDB105B762}.Debug|Any CPU.Build.0 = Debug|Any CPU
		{8B582CF3-62C1-423A-A302-D9EDB105B762}.Release|Any CPU.ActiveCfg = Release|Any CPU
		{8B582CF3-62C1-423A-A302-D9EDB105B762}.Release|Any CPU.Build.0 = Release|Any CPU
		{99DEACFE-286C-4482-97F4-4B64518E4562}.Debug|Any CPU.ActiveCfg = Debug|Any CPU
		{99DEACFE-286C-4482-97F4-4B64518E4562}.Debug|Any CPU.Build.0 = Debug|Any CPU
		{99DEACFE-286C-4482-97F4-4B64518E4562}.Release|Any CPU.ActiveCfg = Release|Any CPU
		{99DEACFE-286C-4482-97F4-4B64518E4562}.Release|Any CPU.Build.0 = Release|Any CPU
		{0E9E0A0E-45B2-4BE2-95B3-B83EE1BF9472}.Debug|Any CPU.ActiveCfg = Debug|Any CPU
		{0E9E0A0E-45B2-4BE2-95B3-B83EE1BF9472}.Debug|Any CPU.Build.0 = Debug|Any CPU
		{0E9E0A0E-45B2-4BE2-95B3-B83EE1BF9472}.Release|Any CPU.ActiveCfg = Release|Any CPU
		{0E9E0A0E-45B2-4BE2-95B3-B83EE1BF9472}.Release|Any CPU.Build.0 = Release|Any CPU
		{5409632C-1B61-4408-9DA7-6768CD86FEDD}.Debug|Any CPU.ActiveCfg = Debug|Any CPU
		{5409632C-1B61-4408-9DA7-6768CD86FEDD}.Debug|Any CPU.Build.0 = Debug|Any CPU
		{5409632C-1B61-4408-9DA7-6768CD86FEDD}.Release|Any CPU.ActiveCfg = Release|Any CPU
		{5409632C-1B61-4408-9DA7-6768CD86FEDD}.Release|Any CPU.Build.0 = Release|Any CPU
		{2BBCD333-CF78-488B-80F0-816038CF952D}.Debug|Any CPU.ActiveCfg = Debug|Any CPU
		{2BBCD333-CF78-488B-80F0-816038CF952D}.Debug|Any CPU.Build.0 = Debug|Any CPU
		{2BBCD333-CF78-488B-80F0-816038CF952D}.Release|Any CPU.ActiveCfg = Release|Any CPU
		{2BBCD333-CF78-488B-80F0-816038CF952D}.Release|Any CPU.Build.0 = Release|Any CPU
		{09BED616-9729-4E84-BCEB-3979D89A3BD5}.Debug|Any CPU.ActiveCfg = Debug|Any CPU
		{09BED616-9729-4E84-BCEB-3979D89A3BD5}.Debug|Any CPU.Build.0 = Debug|Any CPU
		{09BED616-9729-4E84-BCEB-3979D89A3BD5}.Release|Any CPU.ActiveCfg = Release|Any CPU
		{09BED616-9729-4E84-BCEB-3979D89A3BD5}.Release|Any CPU.Build.0 = Release|Any CPU
		{67B24704-530A-4B23-819D-3BEF3C64CC65}.Debug|Any CPU.ActiveCfg = Debug|Any CPU
		{67B24704-530A-4B23-819D-3BEF3C64CC65}.Debug|Any CPU.Build.0 = Debug|Any CPU
		{67B24704-530A-4B23-819D-3BEF3C64CC65}.Release|Any CPU.ActiveCfg = Release|Any CPU
		{67B24704-530A-4B23-819D-3BEF3C64CC65}.Release|Any CPU.Build.0 = Release|Any CPU
	EndGlobalSection
	GlobalSection(SolutionProperties) = preSolution
		HideSolutionNode = FALSE
	EndGlobalSection
	GlobalSection(NestedProjects) = preSolution
		{332EF9A6-F35B-452C-9E02-55475504639B} = {280F4237-49CC-46E7-A3F2-6B23E5B2F484}
		{94166A8E-13D4-4C49-8334-D9C65F12488E} = {280F4237-49CC-46E7-A3F2-6B23E5B2F484}
		{E7AB6A87-6958-4131-9D8D-78B404D7ACFA} = {280F4237-49CC-46E7-A3F2-6B23E5B2F484}
		{D8A9A94F-42CA-485F-ACF2-B5564BC953A9} = {332EF9A6-F35B-452C-9E02-55475504639B}
		{48A3FF36-660A-4BA9-9786-04CC3BAC3533} = {94166A8E-13D4-4C49-8334-D9C65F12488E}
		{A8A83209-DE6F-4CA1-87A3-9B8DA11305AB} = {94166A8E-13D4-4C49-8334-D9C65F12488E}
		{AD701195-32D4-4BE4-B2F5-4830ECCDAA7A} = {94166A8E-13D4-4C49-8334-D9C65F12488E}
		{DB43F5D1-A223-4029-ACF2-FC324222DB25} = {332EF9A6-F35B-452C-9E02-55475504639B}
		{1279C59F-B54E-46CA-B41C-4595A4AACF7E} = {332EF9A6-F35B-452C-9E02-55475504639B}
		{62A19060-3C3D-498A-8566-2D1047D33601} = {94166A8E-13D4-4C49-8334-D9C65F12488E}
		{D5E5B372-0010-47AF-8BC1-58916F836EFE} = {94166A8E-13D4-4C49-8334-D9C65F12488E}
		{8B582CF3-62C1-423A-A302-D9EDB105B762} = {332EF9A6-F35B-452C-9E02-55475504639B}
		{99DEACFE-286C-4482-97F4-4B64518E4562} = {94166A8E-13D4-4C49-8334-D9C65F12488E}
		{0E9E0A0E-45B2-4BE2-95B3-B83EE1BF9472} = {94166A8E-13D4-4C49-8334-D9C65F12488E}
		{5409632C-1B61-4408-9DA7-6768CD86FEDD} = {332EF9A6-F35B-452C-9E02-55475504639B}
		{A140BCE9-E0A5-4D9D-B20E-B8409E24D226} = {280F4237-49CC-46E7-A3F2-6B23E5B2F484}
		{2BBCD333-CF78-488B-80F0-816038CF952D} = {A140BCE9-E0A5-4D9D-B20E-B8409E24D226}
		{09BED616-9729-4E84-BCEB-3979D89A3BD5} = {94166A8E-13D4-4C49-8334-D9C65F12488E}
		{67B24704-530A-4B23-819D-3BEF3C64CC65} = {332EF9A6-F35B-452C-9E02-55475504639B}
	EndGlobalSection
EndGlobal
